github.com/gorilla/mux v1.8.0 h1:OyJgD89RyH3QeufYBlsFz2FUGdM3uNTP//5z1mGm9b4=
github.com/gorilla/mux v1.8.0/go.mod h1:Nr86+/z99+6QGW6CMuOzudfgl3KFLAnHQzwHp3bJwco=
github.com/labstack/echo/v4 v4.6.0 h1:AYsw6moQlE2XQxldf7/+TrkRn2vAelbcTndzA53Kn30=
github.com/labstack/echo/v4 v4.6.0/go.mod h1:muoPZ30iO/lcL9dXznsXngiWdkx2nYBamHc8uQJnYis=
github.com/gin-gonic/gin v1.7.4 h1:DKxDhUtqzHd0lBBGKk1hPCOvJRKQpjHD+/Xs3Toq3Mc=
github.com/gin-gonic/gin v1.7.4/go.mod h1:frvBcQ7cPTiLyI+2t/VMEkCpQyNF5QsuvDmp/Vf/RQ4=
github.com/spf13/viper v1.9.0 h1:45FYpxNcEa81Jm0KkG22XnM16+z1c4XWJUJlBXUxuqY=
github.com/spf13/viper v1.9.0/go.mod h1:rvWmUq4GGq1hTlm5AE8lW/DiXG43VGLDl5b2Lu6BkE0=
github.com/go-sql-driver/mysql v1.6.0 h1:O8LUEUlE1Q6JqivE5P5zgVSlITj/jgHDTzLb6jcaE1A=
github.com/go-sql-driver/mysql v1.6.0/go.mod h1:scmw+ASaB6YvUBCqNn0RoHPfg28rJ15z1r9FsVy38Yg=
github.com/jinzhu/gorm v1.9.16 h1:+eXB9fKjEMngByJmD3Ml9tvb5ktmMxQHbTV8hEXwV6g=
github.com/jinzhu/gorm v1.9.16/go.mod h1:b69gto97x9YvRc6JskmzGSe8g8FD5cOmhGbFe8R1sB0=
golang.org/x/crypto v0.0.0-20220128185345-ecb35e7cbba7 h1:ZOSyTkXZ4gIS9CmEJFuvI+U7UjgGgV3+muPwRIZSYeo=
golang.org/x/crypto v0.0.0-20220128185345-ecb35e7cbba7/go.mod h1:Omr5MLggOvGv2PTmtZdRc6LK6z/aDZMgk6MH90IB+2o=
golang.org/x/net v0.0.0-20220308150705-c58de3d484ec h1:e9lQ0ouRy+OZY5pUMwTnizg5q5j/5TJKb9RE3z/1+Kg=
golang.org/x/net v0.0.0-20220308150705-c58de3d484ec/go.mod h1:kUvCMtGpO3Fc27U6sDZaV6yr8wpOmWntvsvLzIoJ8+4=
golang.org/x/text v0.3.7 h1:evJKnkJH/B2qY71LFLzeBhjK9W1vEZfzWWoQ3VCx18I=
golang.org/x/text v0.3.7/go.mod h1:Y+RuJ+0hQFevK5CwDpCC1mElG/ivHkFRVYU6UcL7zv0=
golang.org/x/oauth2 v0.0.0-20211118164618-95e1d5c34e50 h1:Z4Q1fnZdpWto1eYQ7H99Pv6tfKRjte22UTf8G/yT/Y0=
golang.org/x/oauth2 v0.0.0-20211118164618-95e1d5c34e50/go.mod h1:RlZBr1YZS43Np/m0IgXFL6KdUwPOgjBKtgxzvIt5dmw=
